{
  "name": "tripadvisor",
  "lockfileVersion": 3,
  "requires": true,
  "packages": {
    "": {
      "dependencies": {
        "vanilla-javascript": "^1.1.1"
      }
    },
    "node_modules/vanilla-javascript": {
      "version": "1.1.1",
      "resolved": "https://registry.npmjs.org/vanilla-javascript/-/vanilla-javascript-1.1.1.tgz",
      "integrity": "sha512-f6Rs5YWH7LHlFKAgbu5idxUWapLcgl8vWkkaO1u2IETjRzr/PaB+jOYYFdA4DdMRe6cyF8UeEfFXI5IxVKFPaA==",
      "license": "MIT"
    }
  }
}
